# This file is automatically @generated by Cargo.
# It is not intended for manual editing.
version = 3

[[package]]
name = "barista"
version = "0.1.0"
dependencies = [
 "barista-ui",
 "bytestream",
 "citro2d-sys",
 "ctru-rs",
 "ctru-sys",
 "libc",
 "serde",
 "toml",
]

[[package]]
name = "barista-ui"
version = "0.1.0"
dependencies = [
 "citro2d-sys",
 "ctru-rs",
 "ctru-sys",
 "libc",
]

[[package]]
name = "bitflags"
version = "1.3.2"
source = "registry+https://github.com/rust-lang/crates.io-index"
checksum = "bef38d45163c2f1dde094a7dfd33ccf595c92905c8f8f4fdc18d06fb1037718a"

[[package]]
name = "byteorder"
version = "1.4.3"
source = "registry+https://github.com/rust-lang/crates.io-index"
checksum = "14c189c53d098945499cdfa7ecc63567cf3886b3332b312a5b4585d8d3a6a610"

[[package]]
name = "bytestream"
version = "0.4.1"
source = "registry+https://github.com/rust-lang/crates.io-index"
checksum = "04f720842a717d6afaf69fee2dc69b771edc165f12cc3eb1b0e8eeef53a86454"
dependencies = [
 "byteorder",
]

[[package]]
name = "cfg-if"
version = "1.0.0"
source = "registry+https://github.com/rust-lang/crates.io-index"
checksum = "baf1de4339761588bc0619e3cbc0120ee582ebb74b53b4efbf79117bd2da40fd"

[[package]]
name = "citro2d-sys"
version = "0.1.0"
dependencies = [
 "libc",
]

[[package]]
name = "const-zero"
version = "0.1.0"
source = "registry+https://github.com/rust-lang/crates.io-index"
checksum = "a1d3d68618a1f2c2d86e0bd2adec82e31960ca11aaeb5f353ff01746a4e08f36"

[[package]]
name = "ctru-rs"
version = "0.7.1"
source = "git+https://github.com/rust3ds/ctru-rs.git#fe6faf93fdad8eb1cc7c7bec36baeffc11fa873f"
dependencies = [
 "bitflags",
 "cfg-if",
 "const-zero",
 "ctru-sys",
 "libc",
 "linker-fix-3ds",
 "pthread-3ds",
 "toml",
 "widestring",
]

[[package]]
name = "ctru-sys"
version = "0.4.1"
source = "git+https://github.com/rust3ds/ctru-rs.git#fe6faf93fdad8eb1cc7c7bec36baeffc11fa873f"
dependencies = [
 "libc",
]

[[package]]
name = "libc"
version = "0.2.139"
source = "registry+https://github.com/rust-lang/crates.io-index"
checksum = "201de327520df007757c1f0adce6e827fe8562fbc28bfd9c15571c66ca1f5f79"

[[package]]
name = "linker-fix-3ds"
version = "0.1.0"
source = "git+https://github.com/rust3ds/rust-linker-fix-3ds.git#3c83c6589fdf9f71186571999145626f53acda24"
dependencies = [
 "ctru-sys",
 "libc",
]

[[package]]
name = "proc-macro2"
version = "1.0.51"
source = "registry+https://github.com/rust-lang/crates.io-index"
checksum = "5d727cae5b39d21da60fa540906919ad737832fe0b1c165da3a34d6548c849d6"
dependencies = [
 "unicode-ident",
]

[[package]]
name = "pthread-3ds"
version = "0.1.0"
source = "git+https://github.com/rust3ds/pthread-3ds.git#3c10dfb6f313b9d68dfb572af70112756a770a44"
dependencies = [
 "ctru-sys",
 "libc",
 "spin",
 "static_assertions",
]

[[package]]
name = "quote"
version = "1.0.23"
source = "registry+https://github.com/rust-lang/crates.io-index"
checksum = "8856d8364d252a14d474036ea1358d63c9e6965c8e5c1885c18f73d70bff9c7b"
dependencies = [
 "proc-macro2",
]

[[package]]
name = "serde"
version = "1.0.152"
source = "registry+https://github.com/rust-lang/crates.io-index"
checksum = "bb7d1f0d3021d347a83e556fc4683dea2ea09d87bccdf88ff5c12545d89d5efb"
dependencies = [
 "serde_derive",
]

[[package]]
name = "serde_derive"
version = "1.0.152"
source = "registry+https://github.com/rust-lang/crates.io-index"
checksum = "af487d118eecd09402d70a5d72551860e788df87b464af30e5ea6a38c75c541e"
dependencies = [
 "proc-macro2",
 "quote",
 "syn",
]

[[package]]
name = "spin"
version = "0.9.5"
source = "registry+https://github.com/rust-lang/crates.io-index"
checksum = "7dccf47db1b41fa1573ed27ccf5e08e3ca771cb994f776668c5ebda893b248fc"

[[package]]
name = "static_assertions"
version = "1.1.0"
source = "registry+https://github.com/rust-lang/crates.io-index"
checksum = "a2eb9349b6444b326872e140eb1cf5e7c522154d69e7a0ffb0fb81c06b37543f"

[[package]]
name = "syn"
version = "1.0.107"
source = "registry+https://github.com/rust-lang/crates.io-index"
checksum = "1f4064b5b16e03ae50984a5a8ed5d4f8803e6bc1fd170a3cda91a1be4b18e3f5"
dependencies = [
 "proc-macro2",
 "quote",
 "unicode-ident",
]

[[package]]
name = "toml"
version = "0.5.11"
source = "registry+https://github.com/rust-lang/crates.io-index"
checksum = "f4f7f0dd8d50a853a531c426359045b1998f04219d88799810762cd4ad314234"
dependencies = [
 "serde",
]

[[package]]
name = "unicode-ident"
version = "1.0.6"
source = "registry+https://github.com/rust-lang/crates.io-index"
checksum = "84a22b9f218b40614adcb3f4ff08b703773ad44fa9423e4e0d346d5db86e4ebc"

[[package]]
name = "widestring"
version = "0.2.2"
source = "registry+https://github.com/rust-lang/crates.io-index"
checksum = "7157704c2e12e3d2189c507b7482c52820a16dfa4465ba91add92f266667cadb"
