# This file is automatically @generated by Cargo.
# It is not intended for manual editing.
version = 3

[[package]]
name = "barista"
version = "0.1.0"
dependencies = [
 "barista-ui",
 "bytestream",
 "citro2d-sys",
 "ctru-rs",
 "ctru-sys",
 "libc",
 "serde",
 "toml",
]

[[package]]
name = "barista-ui"
version = "0.1.0"
dependencies = [
 "citro2d-sys",
 "ctru-rs",
 "ctru-sys",
 "libc",
 "mopa",
]

[[package]]
name = "bitflags"
version = "1.3.2"
source = "registry+https://github.com/rust-lang/crates.io-index"
checksum = "bef38d45163c2f1dde094a7dfd33ccf595c92905c8f8f4fdc18d06fb1037718a"

[[package]]
name = "byteorder"
version = "1.4.3"
source = "registry+https://github.com/rust-lang/crates.io-index"
checksum = "14c189c53d098945499cdfa7ecc63567cf3886b3332b312a5b4585d8d3a6a610"

[[package]]
name = "bytestream"
version = "0.4.1"
source = "registry+https://github.com/rust-lang/crates.io-index"
checksum = "04f720842a717d6afaf69fee2dc69b771edc165f12cc3eb1b0e8eeef53a86454"
dependencies = [
 "byteorder",
]

[[package]]
name = "cfg-if"
version = "1.0.0"
source = "registry+https://github.com/rust-lang/crates.io-index"
checksum = "baf1de4339761588bc0619e3cbc0120ee582ebb74b53b4efbf79117bd2da40fd"

[[package]]
name = "citro2d-sys"
version = "0.1.0"
dependencies = [
 "libc",
]

[[package]]
name = "const-zero"
version = "0.1.0"
source = "registry+https://github.com/rust-lang/crates.io-index"
checksum = "a1d3d68618a1f2c2d86e0bd2adec82e31960ca11aaeb5f353ff01746a4e08f36"

[[package]]
name = "ctru-rs"
version = "0.7.1"
source = "git+https://github.com/rust3ds/ctru-rs.git#19b7b801c445449e9b99bdcd7c28ab8423406adc"
dependencies = [
 "bitflags",
 "cfg-if",
 "const-zero",
 "ctru-sys",
 "libc",
 "linker-fix-3ds",
 "pthread-3ds",
 "toml",
 "widestring",
]

[[package]]
name = "ctru-sys"
version = "0.4.1"
source = "git+https://github.com/rust3ds/ctru-rs.git#19b7b801c445449e9b99bdcd7c28ab8423406adc"
dependencies = [
 "libc",
]

[[package]]
name = "libc"
version = "0.2.140"
source = "registry+https://github.com/rust-lang/crates.io-index"
checksum = "99227334921fae1a979cf0bfdfcc6b3e5ce376ef57e16fb6fb3ea2ed6095f80c"

[[package]]
name = "linker-fix-3ds"
version = "0.1.0"
source = "git+https://github.com/rust3ds/rust-linker-fix-3ds.git#09969b570236f795e3f1195b15d63d3de44cc87f"
dependencies = [
 "ctru-sys",
 "libc",
]

[[package]]
name = "mopa"
version = "0.2.2"
source = "registry+https://github.com/rust-lang/crates.io-index"
checksum = "a785740271256c230f57462d3b83e52f998433a7062fc18f96d5999474a9f915"

[[package]]
name = "proc-macro2"
version = "1.0.54"
source = "registry+https://github.com/rust-lang/crates.io-index"
checksum = "e472a104799c74b514a57226160104aa483546de37e839ec50e3c2e41dd87534"
dependencies = [
 "unicode-ident",
]

[[package]]
name = "pthread-3ds"
version = "0.1.0"
source = "git+https://github.com/rust3ds/pthread-3ds.git#3c10dfb6f313b9d68dfb572af70112756a770a44"
dependencies = [
 "ctru-sys",
 "libc",
 "spin",
 "static_assertions",
]

[[package]]
name = "quote"
version = "1.0.26"
source = "registry+https://github.com/rust-lang/crates.io-index"
checksum = "4424af4bf778aae2051a77b60283332f386554255d722233d09fbfc7e30da2fc"
dependencies = [
 "proc-macro2",
]

[[package]]
name = "serde"
version = "1.0.159"
source = "registry+https://github.com/rust-lang/crates.io-index"
checksum = "3c04e8343c3daeec41f58990b9d77068df31209f2af111e059e9fe9646693065"
dependencies = [
 "serde_derive",
]

[[package]]
name = "serde_derive"
version = "1.0.159"
source = "registry+https://github.com/rust-lang/crates.io-index"
checksum = "4c614d17805b093df4b147b51339e7e44bf05ef59fba1e45d83500bcfb4d8585"
dependencies = [
 "proc-macro2",
 "quote",
 "syn",
]

[[package]]
name = "spin"
version = "0.9.7"
source = "registry+https://github.com/rust-lang/crates.io-index"
checksum = "c0959fd6f767df20b231736396e4f602171e00d95205676286e79d4a4eb67bef"

[[package]]
name = "static_assertions"
version = "1.1.0"
source = "registry+https://github.com/rust-lang/crates.io-index"
checksum = "a2eb9349b6444b326872e140eb1cf5e7c522154d69e7a0ffb0fb81c06b37543f"

[[package]]
name = "syn"
version = "2.0.12"
source = "registry+https://github.com/rust-lang/crates.io-index"
checksum = "79d9531f94112cfc3e4c8f5f02cb2b58f72c97b7efd85f70203cc6d8efda5927"
dependencies = [
 "proc-macro2",
 "quote",
 "unicode-ident",
]

[[package]]
name = "toml"
version = "0.5.11"
source = "registry+https://github.com/rust-lang/crates.io-index"
checksum = "f4f7f0dd8d50a853a531c426359045b1998f04219d88799810762cd4ad314234"
dependencies = [
 "serde",
]

[[package]]
name = "unicode-ident"
version = "1.0.8"
source = "registry+https://github.com/rust-lang/crates.io-index"
checksum = "e5464a87b239f13a63a501f2701565754bae92d243d4bb7eb12f6d57d2269bf4"

[[package]]
name = "widestring"
version = "0.2.2"
source = "registry+https://github.com/rust-lang/crates.io-index"
checksum = "7157704c2e12e3d2189c507b7482c52820a16dfa4465ba91add92f266667cadb"
